
Microsoft Visual Studio Solution File, Format Version 12.00
# Visual Studio Version 16
VisualStudioVersion = 16.0.31729.503
MinimumVisualStudioVersion = 10.0.40219.1
Project("{FAE04EC0-301F-11D3-BF4B-00C04F79EFBC}") = "Owoda", "Owoda.csproj", "{A834F3C6-5C39-420B-AE79-2CA19A988AE6}"
EndProject
Global
	GlobalSection(SolutionConfigurationPlatforms) = preSolution
		Debug|Any CPU = Debug|Any CPU
		Release|Any CPU = Release|Any CPU
	EndGlobalSection
	GlobalSection(ProjectConfigurationPlatforms) = postSolution
		{A834F3C6-5C39-420B-AE79-2CA19A988AE6}.Debug|Any CPU.ActiveCfg = Debug|Any CPU
		{A834F3C6-5C39-420B-AE79-2CA19A988AE6}.Debug|Any CPU.Build.0 = Debug|Any CPU
		{A834F3C6-5C39-420B-AE79-2CA19A988AE6}.Release|Any CPU.ActiveCfg = Release|Any CPU
		{A834F3C6-5C39-420B-AE79-2CA19A988AE6}.Release|Any CPU.Build.0 = Release|Any CPU
	EndGlobalSection
	GlobalSection(SolutionProperties) = preSolution
		HideSolutionNode = FALSE
	EndGlobalSection
	GlobalSection(ExtensibilityGlobals) = postSolution
		SolutionGuid = {9D4733A0-15D5-4BEE-A652-446C8817EF53}
	EndGlobalSection
EndGlobal
